Microsoft Visual Studio Solution File, Format Version 12.00
# Visual Studio Version 17
VisualStudioVersion = 17.5.2.0
MinimumVisualStudioVersion = 10.0.40219.1
Project("{FAE04EC0-301F-11D3-BF4B-00C04F79EFBC}") = "SSOExampleApi", "SSOExampleApi.csproj", "{77E9E89F-B9C4-399E-FE73-9952C9500380}"
EndProject
Global
	GlobalSection(SolutionConfigurationPlatforms) = preSolution
		Debug|Any CPU = Debug|Any CPU
		Release|Any CPU = Release|Any CPU
	EndGlobalSection
	GlobalSection(ProjectConfigurationPlatforms) = postSolution
		{77E9E89F-B9C4-399E-FE73-9952C9500380}.Debug|Any CPU.ActiveCfg = Debug|Any CPU
		{77E9E89F-B9C4-399E-FE73-9952C9500380}.Debug|Any CPU.Build.0 = Debug|Any CPU
		{77E9E89F-B9C4-399E-FE73-9952C9500380}.Release|Any CPU.ActiveCfg = Release|Any CPU
		{77E9E89F-B9C4-399E-FE73-9952C9500380}.Release|Any CPU.Build.0 = Release|Any CPU
	EndGlobalSection
	GlobalSection(SolutionProperties) = preSolution
		HideSolutionNode = FALSE
	EndGlobalSection
	GlobalSection(ExtensibilityGlobals) = postSolution
		SolutionGuid = {D0519503-3232-40AF-AF7B-4264AF38DDBE}
	EndGlobalSection
EndGlobal
